
Microsoft Visual Studio Solution File, Format Version 12.00
# Visual Studio Version 16
VisualStudioVersion = 16.0.29509.3
MinimumVisualStudioVersion = 10.0.40219.1
Project("{FAE04EC0-301F-11D3-BF4B-00C04F79EFBC}") = "WebApplication2", "WebApplication2\WebApplication2.csproj", "{64868A8B-DBF2-4D60-8C5C-D20E3A6215FD}"
EndProject
Global
	GlobalSection(SolutionConfigurationPlatforms) = preSolution
		Debug|Any CPU = Debug|Any CPU
		Release|Any CPU = Release|Any CPU
	EndGlobalSection
	GlobalSection(ProjectConfigurationPlatforms) = postSolution
		{64868A8B-DBF2-4D60-8C5C-D20E3A6215FD}.Debug|Any CPU.ActiveCfg = Debug|Any CPU
		{64868A8B-DBF2-4D60-8C5C-D20E3A6215FD}.Debug|Any CPU.Build.0 = Debug|Any CPU
		{64868A8B-DBF2-4D60-8C5C-D20E3A6215FD}.Release|Any CPU.ActiveCfg = Release|Any CPU
		{64868A8B-DBF2-4D60-8C5C-D20E3A6215FD}.Release|Any CPU.Build.0 = Release|Any CPU
	EndGlobalSection
	GlobalSection(SolutionProperties) = preSolution
		HideSolutionNode = FALSE
	EndGlobalSection
	GlobalSection(ExtensibilityGlobals) = postSolution
		SolutionGuid = {021AFF54-8951-4C9D-B3DE-D24CD97FC883}
	EndGlobalSection
EndGlobal
